// !$*UTF8*$!
{
	archiveVersion = 1;
	classes = {
	};
	objectVersion = 50;
	objects = {

/* Begin PBXBuildFile section */
		48A20EAC213980B800E82072 /* AppDelegate.m in Sources */ = {isa = PBXBuildFile; fileRef = 48A20EAB213980B800E82072 /* AppDelegate.m */; };
		48A20EAF213980B800E82072 /* ViewController.m in Sources */ = {isa = PBXBuildFile; fileRef = 48A20EAE213980B800E82072 /* ViewController.m */; };
		48A20EB2213980B800E82072 /* Main.storyboard in Resources */ = {isa = PBXBuildFile; fileRef = 48A20EB0213980B800E82072 /* Main.storyboard */; };
		48A20EB4213980BC00E82072 /* Assets.xcassets in Resources */ = {isa = PBXBuildFile; fileRef = 48A20EB3213980BC00E82072 /* Assets.xcassets */; };
		48A20EB7213980BC00E82072 /* LaunchScreen.storyboard in Resources */ = {isa = PBXBuildFile; fileRef = 48A20EB5213980BC00E82072 /* LaunchScreen.storyboard */; };
		48A20EBA213980BC00E82072 /* main.m in Sources */ = {isa = PBXBuildFile; fileRef = 48A20EB9213980BC00E82072 /* main.m */; };
		81BF5C29BC23472B188517C2 /* libPods-ChuckNorris.a in Frameworks */ = {isa = PBXBuildFile; fileRef = 430A0450702436D7DC709B83 /* libPods-ChuckNorris.a */; };
/* End PBXBuildFile section */

/* Begin PBXFileReference section */
		27478DF1A18E3036453CC870 /* Pods-ChuckNorris.release.xcconfig */ = {isa = PBXFileReference; includeInIndex = 1; lastKnownFileType = text.xcconfig; name = "Pods-ChuckNorris.release.xcconfig"; path = "Pods/Target Support Files/Pods-ChuckNorris/Pods-ChuckNorris.release.xcconfig"; sourceTree = "<group>"; };
		430A0450702436D7DC709B83 /* libPods-ChuckNorris.a */ = {isa = PBXFileReference; explicitFileType = archive.ar; includeInIndex = 0; path = "libPods-ChuckNorris.a"; sourceTree = BUILT_PRODUCTS_DIR; };
		48A20EA7213980B800E82072 /* ChuckNorris.app */ = {isa = PBXFileReference; explicitFileType = wrapper.application; includeInIndex = 0; path = ChuckNorris.app; sourceTree = BUILT_PRODUCTS_DIR; };
		48A20EAA213980B800E82072 /* AppDelegate.h */ = {isa = PBXFileReference; lastKnownFileType = sourcecode.c.h; path = AppDelegate.h; sourceTree = "<group>"; };
		48A20EAB213980B800E82072 /* AppDelegate.m */ = {isa = PBXFileReference; lastKnownFileType = sourcecode.c.objc; path = AppDelegate.m; sourceTree = "<group>"; };
		48A20EAD213980B800E82072 /* ViewController.h */ = {isa = PBXFileReference; lastKnownFileType = sourcecode.c.h; path = ViewController.h; sourceTree = "<group>"; };
		48A20EAE213980B800E82072 /* ViewController.m */ = {isa = PBXFileReference; lastKnownFileType = sourcecode.c.objc; path = ViewController.m; sourceTree = "<group>"; };
		48A20EB1213980B800E82072 /* Base */ = {isa = PBXFileReference; lastKnownFileType = file.storyboard; name = Base; path = Base.lproj/Main.storyboard; sourceTree = "<group>"; };
		48A20EB3213980BC00E82072 /* Assets.xcassets */ = {isa = PBXFileReference; lastKnownFileType = folder.assetcatalog; path = Assets.xcassets; sourceTree = "<group>"; };
		48A20EB6213980BC00E82072 /* Base */ = {isa = PBXFileReference; lastKnownFileType = file.storyboard; name = Base; path = Base.lproj/LaunchScreen.storyboard; sourceTree = "<group>"; };
		48A20EB8213980BC00E82072 /* Info.plist */ = {isa = PBXFileReference; lastKnownFileType = text.plist.xml; path = Info.plist; sourceTree = "<group>"; };
		48A20EB9213980BC00E82072 /* main.m */ = {isa = PBXFileReference; lastKnownFileType = sourcecode.c.objc; path = main.m; sourceTree = "<group>"; };
		782D8D03F416A57E70E9C99F /* Pods-ChuckNorris.debug.xcconfig */ = {isa = PBXFileReference; includeInIndex = 1; lastKnownFileType = text.xcconfig; name = "Pods-ChuckNorris.debug.xcconfig"; path = "Pods/Target Support Files/Pods-ChuckNorris/Pods-ChuckNorris.debug.xcconfig"; sourceTree = "<group>"; };
/* End PBXFileReference section */

/* Begin PBXFrameworksBuildPhase section */
		48A20EA4213980B800E82072 /* Frameworks */ = {
			isa = PBXFrameworksBuildPhase;
			buildActionMask = 2147483647;
			files = (
				81BF5C29BC23472B188517C2 /* libPods-ChuckNorris.a in Frameworks */,
			);
			runOnlyForDeploymentPostprocessing = 0;
		};
/* End PBXFrameworksBuildPhase section */

/* Begin PBXGroup section */
		02A6545596CB8AC3C497BA4F /* Frameworks */ = {
			isa = PBXGroup;
			children = (
				430A0450702436D7DC709B83 /* libPods-ChuckNorris.a */,
			);
			name = Frameworks;
			sourceTree = "<group>";
		};
		1978DB758BB4648912AC56BE /* Pods */ = {
			isa = PBXGroup;
			children = (
				782D8D03F416A57E70E9C99F /* Pods-ChuckNorris.debug.xcconfig */,
				27478DF1A18E3036453CC870 /* Pods-ChuckNorris.release.xcconfig */,
			);
			name = Pods;
			sourceTree = "<group>";
		};
		48A20E9E213980B800E82072 = {
			isa = PBXGroup;
			children = (
				48A20EA9213980B800E82072 /* ChuckNorris */,
				48A20EA8213980B800E82072 /* Products */,
				1978DB758BB4648912AC56BE /* Pods */,
				02A6545596CB8AC3C497BA4F /* Frameworks */,
			);
			sourceTree = "<group>";
		};
		48A20EA8213980B800E82072 /* Products */ = {
			isa = PBXGroup;
			children = (
				48A20EA7213980B800E82072 /* ChuckNorris.app */,
			);
			name = Products;
			sourceTree = "<group>";
		};
		48A20EA9213980B800E82072 /* ChuckNorris */ = {
			isa = PBXGroup;
			children = (
				48A20EAA213980B800E82072 /* AppDelegate.h */,
				48A20EAB213980B800E82072 /* AppDelegate.m */,
				48A20EAD213980B800E82072 /* ViewController.h */,
				48A20EAE213980B800E82072 /* ViewController.m */,
				48A20EB0213980B800E82072 /* Main.storyboard */,
				48A20EB3213980BC00E82072 /* Assets.xcassets */,
				48A20EB5213980BC00E82072 /* LaunchScreen.storyboard */,
				48A20EB8213980BC00E82072 /* Info.plist */,
				48A20EB9213980BC00E82072 /* main.m */,
			);
			path = ChuckNorris;
			sourceTree = "<group>";
		};
/* End PBXGroup section */

/* Begin PBXNativeTarget section */
		48A20EA6213980B800E82072 /* ChuckNorris */ = {
			isa = PBXNativeTarget;
			buildConfigurationList = 48A20EBD213980BC00E82072 /* Build configuration list for PBXNativeTarget "ChuckNorris" */;
			buildPhases = (
				0A917EA582059B746AEC9A76 /* [CP] Check Pods Manifest.lock */,
				48A20EA3213980B800E82072 /* Sources */,
				48A20EA4213980B800E82072 /* Frameworks */,
				48A20EA5213980B800E82072 /* Resources */,
				1D57EF7AC36E07ABAFACE3A8 /* [CP] Embed Pods Frameworks */,
				B15687BD8345343B4A9D54DD /* [CP] Copy Pods Resources */,
			);
			buildRules = (
			);
			dependencies = (
			);
			name = ChuckNorris;
			productName = ChuckNorris;
			productReference = 48A20EA7213980B800E82072 /* ChuckNorris.app */;
			productType = "com.apple.product-type.application";
		};
/* End PBXNativeTarget section */

/* Begin PBXProject section */
		48A20E9F213980B800E82072 /* Project object */ = {
			isa = PBXProject;
			attributes = {
				LastUpgradeCheck = 0940;
				ORGANIZATIONNAME = "Dimitri Merejkowsky";
				TargetAttributes = {
					48A20EA6213980B800E82072 = {
						CreatedOnToolsVersion = 9.4.1;
					};
				};
			};
			buildConfigurationList = 48A20EA2213980B800E82072 /* Build configuration list for PBXProject "ChuckNorris" */;
			compatibilityVersion = "Xcode 9.3";
			developmentRegion = en;
			hasScannedForEncodings = 0;
			knownRegions = (
				en,
				Base,
			);
			mainGroup = 48A20E9E213980B800E82072;
			productRefGroup = 48A20EA8213980B800E82072 /* Products */;
			projectDirPath = "";
			projectRoot = "";
			targets = (
				48A20EA6213980B800E82072 /* ChuckNorris */,
			);
		};
/* End PBXProject section */

/* Begin PBXResourcesBuildPhase section */
		48A20EA5213980B800E82072 /* Resources */ = {
			isa = PBXResourcesBuildPhase;
			buildActionMask = 2147483647;
			files = (
				48A20EB7213980BC00E82072 /* LaunchScreen.storyboard in Resources */,
				48A20EB4213980BC00E82072 /* Assets.xcassets in Resources */,
				48A20EB2213980B800E82072 /* Main.storyboard in Resources */,
			);
			runOnlyForDeploymentPostprocessing = 0;
		};
/* End PBXResourcesBuildPhase section */

/* Begin PBXShellScriptBuildPhase section */
		0A917EA582059B746AEC9A76 /* [CP] Check Pods Manifest.lock */ = {
			isa = PBXShellScriptBuildPhase;
			buildActionMask = 2147483647;
			files = (
			);
			inputPaths = (
				"${PODS_PODFILE_DIR_PATH}/Podfile.lock",
				"${PODS_ROOT}/Manifest.lock",
			);
			name = "[CP] Check Pods Manifest.lock";
			outputPaths = (
				"$(DERIVED_FILE_DIR)/Pods-ChuckNorris-checkManifestLockResult.txt",
			);
			runOnlyForDeploymentPostprocessing = 0;
			shellPath = /bin/sh;
			shellScript = "diff \"${PODS_PODFILE_DIR_PATH}/Podfile.lock\" \"${PODS_ROOT}/Manifest.lock\" > /dev/null\nif [ $? != 0 ] ; then\n    # print error to STDERR\n    echo \"error: The sandbox is not in sync with the Podfile.lock. Run 'pod install' or update your CocoaPods installation.\" >&2\n    exit 1\nfi\n# This output is used by Xcode 'outputs' to avoid re-running this script phase.\necho \"SUCCESS\" > \"${SCRIPT_OUTPUT_FILE_0}\"\n";
			showEnvVarsInLog = 0;
		};
		1D57EF7AC36E07ABAFACE3A8 /* [CP] Embed Pods Frameworks */ = {
			isa = PBXShellScriptBuildPhase;
			buildActionMask = 2147483647;
			files = (
			);
			inputPaths = (
			);
			name = "[CP] Embed Pods Frameworks";
			outputPaths = (
			);
			runOnlyForDeploymentPostprocessing = 0;
			shellPath = /bin/sh;
			shellScript = "\"${SRCROOT}/Pods/Target Support Files/Pods-ChuckNorris/Pods-ChuckNorris-frameworks.sh\"\n";
			showEnvVarsInLog = 0;
		};
		B15687BD8345343B4A9D54DD /* [CP] Copy Pods Resources */ = {
			isa = PBXShellScriptBuildPhase;
			buildActionMask = 2147483647;
			files = (
			);
			inputPaths = (
			);
			name = "[CP] Copy Pods Resources";
			outputPaths = (
			);
			runOnlyForDeploymentPostprocessing = 0;
			shellPath = /bin/sh;
			shellScript = "\"${SRCROOT}/Pods/Target Support Files/Pods-ChuckNorris/Pods-ChuckNorris-resources.sh\"\n";
			showEnvVarsInLog = 0;
		};
/* End PBXShellScriptBuildPhase section */

/* Begin PBXSourcesBuildPhase section */
		48A20EA3213980B800E82072 /* Sources */ = {
			isa = PBXSourcesBuildPhase;
			buildActionMask = 2147483647;
			files = (
				48A20EAF213980B800E82072 /* ViewController.m in Sources */,
				48A20EBA213980BC00E82072 /* main.m in Sources */,
				48A20EAC213980B800E82072 /* AppDelegate.m in Sources */,
			);
			runOnlyForDeploymentPostprocessing = 0;
		};
/* End PBXSourcesBuildPhase section */

/* Begin PBXVariantGroup section */
		48A20EB0213980B800E82072 /* Main.storyboard */ = {
			isa = PBXVariantGroup;
			children = (
				48A20EB1213980B800E82072 /* Base */,
			);
			name = Main.storyboard;
			sourceTree = "<group>";
		};
		48A20EB5213980BC00E82072 /* LaunchScreen.storyboard */ = {
			isa = PBXVariantGroup;
			children = (
				48A20EB6213980BC00E82072 /* Base */,
			);
			name = LaunchScreen.storyboard;
			sourceTree = "<group>";
		};
/* End PBXVariantGroup section */

/* Begin XCBuildConfiguration section */
		48A20EBB213980BC00E82072 /* Debug */ = {
			isa = XCBuildConfiguration;
			buildSettings = {
				ALWAYS_SEARCH_USER_PATHS = NO;
				CLANG_ANALYZER_NONNULL = YES;
				CLANG_ANALYZER_NUMBER_OBJECT_CONVERSION = YES_AGGRESSIVE;
				CLANG_CXX_LANGUAGE_STANDARD = "gnu++14";
				CLANG_CXX_LIBRARY = "libc++";
				CLANG_ENABLE_MODULES = YES;
				CLANG_ENABLE_OBJC_ARC = YES;
				CLANG_ENABLE_OBJC_WEAK = YES;
				CLANG_WARN_BLOCK_CAPTURE_AUTORELEASING = YES;
				CLANG_WARN_BOOL_CONVERSION = YES;
				CLANG_WARN_COMMA = YES;
				CLANG_WARN_CONSTANT_CONVERSION = YES;
				CLANG_WARN_DEPRECATED_OBJC_IMPLEMENTATIONS = YES;
				CLANG_WARN_DIRECT_OBJC_ISA_USAGE = YES_ERROR;
				CLANG_WARN_DOCUMENTATION_COMMENTS = YES;
				CLANG_WARN_EMPTY_BODY = YES;
				CLANG_WARN_ENUM_CONVERSION = YES;
				CLANG_WARN_INFINITE_RECURSION = YES;
				CLANG_WARN_INT_CONVERSION = YES;
				CLANG_WARN_NON_LITERAL_NULL_CONVERSION = YES;
				CLANG_WARN_OBJC_IMPLICIT_RETAIN_SELF = YES;
				CLANG_WARN_OBJC_LITERAL_CONVERSION = YES;
				CLANG_WARN_OBJC_ROOT_CLASS = YES_ERROR;
				CLANG_WARN_RANGE_LOOP_ANALYSIS = YES;
				CLANG_WARN_STRICT_PROTOTYPES = YES;
				CLANG_WARN_SUSPICIOUS_MOVE = YES;
				CLANG_WARN_UNGUARDED_AVAILABILITY = YES_AGGRESSIVE;
				CLANG_WARN_UNREACHABLE_CODE = YES;
				CLANG_WARN__DUPLICATE_METHOD_MATCH = YES;
				CODE_SIGN_IDENTITY = "iPhone Developer";
				COPY_PHASE_STRIP = NO;
				DEBUG_INFORMATION_FORMAT = dwarf;
				ENABLE_STRICT_OBJC_MSGSEND = YES;
				ENABLE_TESTABILITY = YES;
				GCC_C_LANGUAGE_STANDARD = gnu11;
				GCC_DYNAMIC_NO_PIC = NO;
				GCC_NO_COMMON_BLOCKS = YES;
				GCC_OPTIMIZATION_LEVEL = 0;
				GCC_PREPROCESSOR_DEFINITIONS = (
					"DEBUG=1",
					"$(inherited)",
				);
				GCC_WARN_64_TO_32_BIT_CONVERSION = YES;
				GCC_WARN_ABOUT_RETURN_TYPE = YES_ERROR;
				GCC_WARN_UNDECLARED_SELECTOR = YES;
				GCC_WARN_UNINITIALIZED_AUTOS = YES_AGGRESSIVE;
				GCC_WARN_UNUSED_FUNCTION = YES;
				GCC_WARN_UNUSED_VARIABLE = YES;
				IPHONEOS_DEPLOYMENT_TARGET = 11.4;
				MTL_ENABLE_DEBUG_INFO = YES;
				ONLY_ACTIVE_ARCH = YES;
				SDKROOT = iphoneos;
			};
			name = Debug;
		};
		48A20EBC213980BC00E82072 /* Release */ = {
			isa = XCBuildConfiguration;
			buildSettings = {
				ALWAYS_SEARCH_USER_PATHS = NO;
				CLANG_ANALYZER_NONNULL = YES;
				CLANG_ANALYZER_NUMBER_OBJECT_CONVERSION = YES_AGGRESSIVE;
				CLANG_CXX_LANGUAGE_STANDARD = "gnu++14";
				CLANG_CXX_LIBRARY = "libc++";
				CLANG_ENABLE_MODULES = YES;
				CLANG_ENABLE_OBJC_ARC = YES;
				CLANG_ENABLE_OBJC_WEAK = YES;
				CLANG_WARN_BLOCK_CAPTURE_AUTORELEASING = YES;
				CLANG_WARN_BOOL_CONVERSION = YES;
				CLANG_WARN_COMMA = YES;
				CLANG_WARN_CONSTANT_CONVERSION = YES;
				CLANG_WARN_DEPRECATED_OBJC_IMPLEMENTATIONS = YES;
				CLANG_WARN_DIRECT_OBJC_ISA_USAGE = YES_ERROR;
				CLANG_WARN_DOCUMENTATION_COMMENTS = YES;
				CLANG_WARN_EMPTY_BODY = YES;
				CLANG_WARN_ENUM_CONVERSION = YES;
				CLANG_WARN_INFINITE_RECURSION = YES;
				CLANG_WARN_INT_CONVERSION = YES;
				CLANG_WARN_NON_LITERAL_NULL_CONVERSION = YES;
				CLANG_WARN_OBJC_IMPLICIT_RETAIN_SELF = YES;
				CLANG_WARN_OBJC_LITERAL_CONVERSION = YES;
				CLANG_WARN_OBJC_ROOT_CLASS = YES_ERROR;
				CLANG_WARN_RANGE_LOOP_ANALYSIS = YES;
				CLANG_WARN_STRICT_PROTOTYPES = YES;
				CLANG_WARN_SUSPICIOUS_MOVE = YES;
				CLANG_WARN_UNGUARDED_AVAILABILITY = YES_AGGRESSIVE;
				CLANG_WARN_UNREACHABLE_CODE = YES;
				CLANG_WARN__DUPLICATE_METHOD_MATCH = YES;
				CODE_SIGN_IDENTITY = "iPhone Developer";
				COPY_PHASE_STRIP = NO;
				DEBUG_INFORMATION_FORMAT = "dwarf-with-dsym";
				ENABLE_NS_ASSERTIONS = NO;
				ENABLE_STRICT_OBJC_MSGSEND = YES;
				GCC_C_LANGUAGE_STANDARD = gnu11;
				GCC_NO_COMMON_BLOCKS = YES;
				GCC_WARN_64_TO_32_BIT_CONVERSION = YES;
				GCC_WARN_ABOUT_RETURN_TYPE = YES_ERROR;
				GCC_WARN_UNDECLARED_SELECTOR = YES;
				GCC_WARN_UNINITIALIZED_AUTOS = YES_AGGRESSIVE;
				GCC_WARN_UNUSED_FUNCTION = YES;
				GCC_WARN_UNUSED_VARIABLE = YES;
				IPHONEOS_DEPLOYMENT_TARGET = 11.4;
				MTL_ENABLE_DEBUG_INFO = NO;
				SDKROOT = iphoneos;
				VALIDATE_PRODUCT = YES;
			};
			name = Release;
		};
		48A20EBE213980BC00E82072 /* Debug */ = {
			isa = XCBuildConfiguration;
			baseConfigurationReference = 782D8D03F416A57E70E9C99F /* Pods-ChuckNorris.debug.xcconfig */;
			buildSettings = {
				ASSETCATALOG_COMPILER_APPICON_NAME = AppIcon;
				CODE_SIGN_STYLE = Automatic;
				INFOPLIST_FILE = ChuckNorris/Info.plist;
				LD_RUNPATH_SEARCH_PATHS = "$(inherited) @executable_path/Frameworks";
				PRODUCT_BUNDLE_IDENTIFIER = info.dmerej.ChuckNorris;
				PRODUCT_NAME = "$(TARGET_NAME)";
				TARGETED_DEVICE_FAMILY = "1,2";
			};
			name = Debug;
		};
		48A20EBF213980BC00E82072 /* Release */ = {
			isa = XCBuildConfiguration;
			baseConfigurationReference = 27478DF1A18E3036453CC870 /* Pods-ChuckNorris.release.xcconfig */;
			buildSettings = {
				ASSETCATALOG_COMPILER_APPICON_NAME = AppIcon;
				CODE_SIGN_STYLE = Automatic;
				INFOPLIST_FILE = ChuckNorris/Info.plist;
				LD_RUNPATH_SEARCH_PATHS = "$(inherited) @executable_path/Frameworks";
				PRODUCT_BUNDLE_IDENTIFIER = info.dmerej.ChuckNorris;
				PRODUCT_NAME = "$(TARGET_NAME)";
				TARGETED_DEVICE_FAMILY = "1,2";
			};
			name = Release;
		};
/* End XCBuildConfiguration section */

/* Begin XCConfigurationList section */
		48A20EA2213980B800E82072 /* Build configuration list for PBXProject "ChuckNorris" */ = {
			isa = XCConfigurationList;
			buildConfigurations = (
				48A20EBB213980BC00E82072 /* Debug */,
				48A20EBC213980BC00E82072 /* Release */,
			);
			defaultConfigurationIsVisible = 0;
			defaultConfigurationName = Release;
		};
		48A20EBD213980BC00E82072 /* Build configuration list for PBXNativeTarget "ChuckNorris" */ = {
			isa = XCConfigurationList;
			buildConfigurations = (
				48A20EBE213980BC00E82072 /* Debug */,
				48A20EBF213980BC00E82072 /* Release */,
			);
			defaultConfigurationIsVisible = 0;
			defaultConfigurationName = Release;
		};
/* End XCConfigurationList section */
	};
	rootObject = 48A20E9F213980B800E82072 /* Project object */;
}
